
Microsoft Visual Studio Solution File, Format Version 12.00
# Visual Studio Version 17
VisualStudioVersion = 17.0.31903.59
MinimumVisualStudioVersion = 10.0.40219.1
Project("{FAE04EC0-301F-11D3-BF4B-00C04F79EFBC}") = "introduktion", "introduktion\introduktion.csproj", "{453A172A-4FC8-4B1B-8763-CEF46C60CD9A}"
EndProject
Project("{FAE04EC0-301F-11D3-BF4B-00C04F79EFBC}") = "Variables", "Variables\Variables.csproj", "{4CA7BBBE-7600-4487-AAA9-798B44A914EC}"
EndProject
Project("{FAE04EC0-301F-11D3-BF4B-00C04F79EFBC}") = "Decisions", "Decisions\Decisions.csproj", "{63588A06-4F5E-44E6-9A00-8E4DC9E4C293}"
EndProject
Project("{FAE04EC0-301F-11D3-BF4B-00C04F79EFBC}") = "ForIteration", "ForIteration\ForIteration.csproj", "{3DFA5C30-C635-4AA9-B986-7ADB9DD0C2A3}"
EndProject
Project("{FAE04EC0-301F-11D3-BF4B-00C04F79EFBC}") = "UnderstandingArrays", "UnderstandingArrays\UnderstandingArrays.csproj", "{BBBF0F38-4B45-4842-8978-B4F0E5C29643}"
EndProject
Project("{FAE04EC0-301F-11D3-BF4B-00C04F79EFBC}") = "SimpleMethod", "SimpleMethod\SimpleMethod.csproj", "{D66B4DD9-947A-482F-8C53-9A98A195C32E}"
EndProject
Project("{FAE04EC0-301F-11D3-BF4B-00C04F79EFBC}") = "HelperMethods", "HelperMethods\HelperMethods.csproj", "{10BC2F36-1F0F-4871-87FB-6349488F52BA}"
EndProject
Global
	GlobalSection(SolutionConfigurationPlatforms) = preSolution
		Debug|Any CPU = Debug|Any CPU
		Release|Any CPU = Release|Any CPU
	EndGlobalSection
	GlobalSection(SolutionProperties) = preSolution
		HideSolutionNode = FALSE
	EndGlobalSection
	GlobalSection(ProjectConfigurationPlatforms) = postSolution
		{453A172A-4FC8-4B1B-8763-CEF46C60CD9A}.Debug|Any CPU.ActiveCfg = Debug|Any CPU
		{453A172A-4FC8-4B1B-8763-CEF46C60CD9A}.Debug|Any CPU.Build.0 = Debug|Any CPU
		{453A172A-4FC8-4B1B-8763-CEF46C60CD9A}.Release|Any CPU.ActiveCfg = Release|Any CPU
		{453A172A-4FC8-4B1B-8763-CEF46C60CD9A}.Release|Any CPU.Build.0 = Release|Any CPU
		{4CA7BBBE-7600-4487-AAA9-798B44A914EC}.Debug|Any CPU.ActiveCfg = Debug|Any CPU
		{4CA7BBBE-7600-4487-AAA9-798B44A914EC}.Debug|Any CPU.Build.0 = Debug|Any CPU
		{4CA7BBBE-7600-4487-AAA9-798B44A914EC}.Release|Any CPU.ActiveCfg = Release|Any CPU
		{4CA7BBBE-7600-4487-AAA9-798B44A914EC}.Release|Any CPU.Build.0 = Release|Any CPU
		{63588A06-4F5E-44E6-9A00-8E4DC9E4C293}.Debug|Any CPU.ActiveCfg = Debug|Any CPU
		{63588A06-4F5E-44E6-9A00-8E4DC9E4C293}.Debug|Any CPU.Build.0 = Debug|Any CPU
		{63588A06-4F5E-44E6-9A00-8E4DC9E4C293}.Release|Any CPU.ActiveCfg = Release|Any CPU
		{63588A06-4F5E-44E6-9A00-8E4DC9E4C293}.Release|Any CPU.Build.0 = Release|Any CPU
		{3DFA5C30-C635-4AA9-B986-7ADB9DD0C2A3}.Debug|Any CPU.ActiveCfg = Debug|Any CPU
		{3DFA5C30-C635-4AA9-B986-7ADB9DD0C2A3}.Debug|Any CPU.Build.0 = Debug|Any CPU
		{3DFA5C30-C635-4AA9-B986-7ADB9DD0C2A3}.Release|Any CPU.ActiveCfg = Release|Any CPU
		{3DFA5C30-C635-4AA9-B986-7ADB9DD0C2A3}.Release|Any CPU.Build.0 = Release|Any CPU
		{BBBF0F38-4B45-4842-8978-B4F0E5C29643}.Debug|Any CPU.ActiveCfg = Debug|Any CPU
		{BBBF0F38-4B45-4842-8978-B4F0E5C29643}.Debug|Any CPU.Build.0 = Debug|Any CPU
		{BBBF0F38-4B45-4842-8978-B4F0E5C29643}.Release|Any CPU.ActiveCfg = Release|Any CPU
		{BBBF0F38-4B45-4842-8978-B4F0E5C29643}.Release|Any CPU.Build.0 = Release|Any CPU
		{D66B4DD9-947A-482F-8C53-9A98A195C32E}.Debug|Any CPU.ActiveCfg = Debug|Any CPU
		{D66B4DD9-947A-482F-8C53-9A98A195C32E}.Debug|Any CPU.Build.0 = Debug|Any CPU
		{D66B4DD9-947A-482F-8C53-9A98A195C32E}.Release|Any CPU.ActiveCfg = Release|Any CPU
		{D66B4DD9-947A-482F-8C53-9A98A195C32E}.Release|Any CPU.Build.0 = Release|Any CPU
		{10BC2F36-1F0F-4871-87FB-6349488F52BA}.Debug|Any CPU.ActiveCfg = Debug|Any CPU
		{10BC2F36-1F0F-4871-87FB-6349488F52BA}.Debug|Any CPU.Build.0 = Debug|Any CPU
		{10BC2F36-1F0F-4871-87FB-6349488F52BA}.Release|Any CPU.ActiveCfg = Release|Any CPU
		{10BC2F36-1F0F-4871-87FB-6349488F52BA}.Release|Any CPU.Build.0 = Release|Any CPU
	EndGlobalSection
EndGlobal
