
Microsoft Visual Studio Solution File, Format Version 12.00
# Visual Studio Version 17
VisualStudioVersion = 17.0.31903.59
MinimumVisualStudioVersion = 10.0.40219.1
Project("{FAE04EC0-301F-11D3-BF4B-00C04F79EFBC}") = "introduktion", "introduktion\introduktion.csproj", "{453A172A-4FC8-4B1B-8763-CEF46C60CD9A}"
EndProject
Project("{FAE04EC0-301F-11D3-BF4B-00C04F79EFBC}") = "Variables", "Variables\Variables.csproj", "{4CA7BBBE-7600-4487-AAA9-798B44A914EC}"
EndProject
Project("{FAE04EC0-301F-11D3-BF4B-00C04F79EFBC}") = "Decisions", "Decisions\Decisions.csproj", "{63588A06-4F5E-44E6-9A00-8E4DC9E4C293}"
EndProject
Global
	GlobalSection(SolutionConfigurationPlatforms) = preSolution
		Debug|Any CPU = Debug|Any CPU
		Release|Any CPU = Release|Any CPU
	EndGlobalSection
	GlobalSection(SolutionProperties) = preSolution
		HideSolutionNode = FALSE
	EndGlobalSection
	GlobalSection(ProjectConfigurationPlatforms) = postSolution
		{453A172A-4FC8-4B1B-8763-CEF46C60CD9A}.Debug|Any CPU.ActiveCfg = Debug|Any CPU
		{453A172A-4FC8-4B1B-8763-CEF46C60CD9A}.Debug|Any CPU.Build.0 = Debug|Any CPU
		{453A172A-4FC8-4B1B-8763-CEF46C60CD9A}.Release|Any CPU.ActiveCfg = Release|Any CPU
		{453A172A-4FC8-4B1B-8763-CEF46C60CD9A}.Release|Any CPU.Build.0 = Release|Any CPU
		{4CA7BBBE-7600-4487-AAA9-798B44A914EC}.Debug|Any CPU.ActiveCfg = Debug|Any CPU
		{4CA7BBBE-7600-4487-AAA9-798B44A914EC}.Debug|Any CPU.Build.0 = Debug|Any CPU
		{4CA7BBBE-7600-4487-AAA9-798B44A914EC}.Release|Any CPU.ActiveCfg = Release|Any CPU
		{4CA7BBBE-7600-4487-AAA9-798B44A914EC}.Release|Any CPU.Build.0 = Release|Any CPU
		{63588A06-4F5E-44E6-9A00-8E4DC9E4C293}.Debug|Any CPU.ActiveCfg = Debug|Any CPU
		{63588A06-4F5E-44E6-9A00-8E4DC9E4C293}.Debug|Any CPU.Build.0 = Debug|Any CPU
		{63588A06-4F5E-44E6-9A00-8E4DC9E4C293}.Release|Any CPU.ActiveCfg = Release|Any CPU
		{63588A06-4F5E-44E6-9A00-8E4DC9E4C293}.Release|Any CPU.Build.0 = Release|Any CPU
	EndGlobalSection
EndGlobal
